
Microsoft Visual Studio Solution File, Format Version 12.00
# Visual Studio Version 17
VisualStudioVersion = 17.5.002.0
MinimumVisualStudioVersion = 10.0.40219.1
Project("{9A19103F-16F7-4668-BE54-9A1E7A4F7556}") = "filbehandling_oppgaver", "filbehandling_oppgaver.csproj", "{7DC8B1E5-41BC-41B4-A17C-E9123F2CC1D0}"
EndProject
Global
	GlobalSection(SolutionConfigurationPlatforms) = preSolution
		Debug|Any CPU = Debug|Any CPU
		Release|Any CPU = Release|Any CPU
	EndGlobalSection
	GlobalSection(ProjectConfigurationPlatforms) = postSolution
		{7DC8B1E5-41BC-41B4-A17C-E9123F2CC1D0}.Debug|Any CPU.ActiveCfg = Debug|Any CPU
		{7DC8B1E5-41BC-41B4-A17C-E9123F2CC1D0}.Debug|Any CPU.Build.0 = Debug|Any CPU
		{7DC8B1E5-41BC-41B4-A17C-E9123F2CC1D0}.Release|Any CPU.ActiveCfg = Release|Any CPU
		{7DC8B1E5-41BC-41B4-A17C-E9123F2CC1D0}.Release|Any CPU.Build.0 = Release|Any CPU
	EndGlobalSection
	GlobalSection(SolutionProperties) = preSolution
		HideSolutionNode = FALSE
	EndGlobalSection
	GlobalSection(ExtensibilityGlobals) = postSolution
		SolutionGuid = {6353C1CE-10CF-4E2C-BBA4-DDBD39E57689}
	EndGlobalSection
EndGlobal
